// !$*UTF8*$!
{
	archiveVersion = 1;
	classes = {
	};
	objectVersion = 56;
	objects = {

/* Begin PBXBuildFile section */
		496304182BA6C10F007EDB91 /* TouchdownSwiftUIApp.swift in Sources */ = {isa = PBXBuildFile; fileRef = 496304172BA6C10F007EDB91 /* TouchdownSwiftUIApp.swift */; };
		4963041A2BA6C10F007EDB91 /* ContentView.swift in Sources */ = {isa = PBXBuildFile; fileRef = 496304192BA6C10F007EDB91 /* ContentView.swift */; };
		4963041C2BA6C112007EDB91 /* Assets.xcassets in Resources */ = {isa = PBXBuildFile; fileRef = 4963041B2BA6C112007EDB91 /* Assets.xcassets */; };
		4963041F2BA6C112007EDB91 /* Preview Assets.xcassets in Resources */ = {isa = PBXBuildFile; fileRef = 4963041E2BA6C112007EDB91 /* Preview Assets.xcassets */; };
		496304292BA6C1B0007EDB91 /* player.json in Resources */ = {isa = PBXBuildFile; fileRef = 496304252BA6C1B0007EDB91 /* player.json */; };
		4963042A2BA6C1B0007EDB91 /* product.json in Resources */ = {isa = PBXBuildFile; fileRef = 496304262BA6C1B0007EDB91 /* product.json */; };
		4963042B2BA6C1B0007EDB91 /* category.json in Resources */ = {isa = PBXBuildFile; fileRef = 496304272BA6C1B0007EDB91 /* category.json */; };
		4963042C2BA6C1B0007EDB91 /* brand.json in Resources */ = {isa = PBXBuildFile; fileRef = 496304282BA6C1B0007EDB91 /* brand.json */; };
		496304372BA6E9CD007EDB91 /* Constant.swift in Sources */ = {isa = PBXBuildFile; fileRef = 496304362BA6E9CD007EDB91 /* Constant.swift */; };
		496304392BA6EA71007EDB91 /* FooterView.swift in Sources */ = {isa = PBXBuildFile; fileRef = 496304382BA6EA71007EDB91 /* FooterView.swift */; };
		4963043B2BA6ECE4007EDB91 /* NavigationBarView.swift in Sources */ = {isa = PBXBuildFile; fileRef = 4963043A2BA6ECE4007EDB91 /* NavigationBarView.swift */; };
		4963043D2BA6EDBF007EDB91 /* LogoView.swift in Sources */ = {isa = PBXBuildFile; fileRef = 4963043C2BA6EDBF007EDB91 /* LogoView.swift */; };
		4963043F2BA6F7EA007EDB91 /* PlayerModel.swift in Sources */ = {isa = PBXBuildFile; fileRef = 4963043E2BA6F7EA007EDB91 /* PlayerModel.swift */; };
		496304412BA6F81B007EDB91 /* CodableBundleExtension.swift in Sources */ = {isa = PBXBuildFile; fileRef = 496304402BA6F81B007EDB91 /* CodableBundleExtension.swift */; };
		496304432BA6F93D007EDB91 /* FeaturedItemView.swift in Sources */ = {isa = PBXBuildFile; fileRef = 496304422BA6F93D007EDB91 /* FeaturedItemView.swift */; };
		496304452BA6F9B7007EDB91 /* FeaturedTabView.swift in Sources */ = {isa = PBXBuildFile; fileRef = 496304442BA6F9B7007EDB91 /* FeaturedTabView.swift */; };
		496304472BA70729007EDB91 /* CategoryModel.swift in Sources */ = {isa = PBXBuildFile; fileRef = 496304462BA70729007EDB91 /* CategoryModel.swift */; };
		496304492BA707C8007EDB91 /* CategoryItemView.swift in Sources */ = {isa = PBXBuildFile; fileRef = 496304482BA707C8007EDB91 /* CategoryItemView.swift */; };
		4963044B2BA708F6007EDB91 /* CategoryGridView.swift in Sources */ = {isa = PBXBuildFile; fileRef = 4963044A2BA708F6007EDB91 /* CategoryGridView.swift */; };
		4963044D2BA70A86007EDB91 /* SectionView.swift in Sources */ = {isa = PBXBuildFile; fileRef = 4963044C2BA70A86007EDB91 /* SectionView.swift */; };
		4963044F2BA73061007EDB91 /* TitleView.swift in Sources */ = {isa = PBXBuildFile; fileRef = 4963044E2BA73061007EDB91 /* TitleView.swift */; };
		496304512BA73133007EDB91 /* ProductModel.swift in Sources */ = {isa = PBXBuildFile; fileRef = 496304502BA73133007EDB91 /* ProductModel.swift */; };
		496304532BA73194007EDB91 /* ProductItemView.swift in Sources */ = {isa = PBXBuildFile; fileRef = 496304522BA73194007EDB91 /* ProductItemView.swift */; };
		496304552BA733F5007EDB91 /* BrandModel.swift in Sources */ = {isa = PBXBuildFile; fileRef = 496304542BA733F5007EDB91 /* BrandModel.swift */; };
		496304572BA73452007EDB91 /* BrandItemView.swift in Sources */ = {isa = PBXBuildFile; fileRef = 496304562BA73452007EDB91 /* BrandItemView.swift */; };
		496304592BA73518007EDB91 /* BrandGridView.swift in Sources */ = {isa = PBXBuildFile; fileRef = 496304582BA73518007EDB91 /* BrandGridView.swift */; };
		4963045B2BA73615007EDB91 /* ProductDetailView.swift in Sources */ = {isa = PBXBuildFile; fileRef = 4963045A2BA73615007EDB91 /* ProductDetailView.swift */; };
		4963045D2BA736C6007EDB91 /* NavigationBarDetailView.swift in Sources */ = {isa = PBXBuildFile; fileRef = 4963045C2BA736C6007EDB91 /* NavigationBarDetailView.swift */; };
		4963045F2BA73773007EDB91 /* HeaderDetailView.swift in Sources */ = {isa = PBXBuildFile; fileRef = 4963045E2BA73773007EDB91 /* HeaderDetailView.swift */; };
		496304612BA7383D007EDB91 /* TopPartDetailView.swift in Sources */ = {isa = PBXBuildFile; fileRef = 496304602BA7383D007EDB91 /* TopPartDetailView.swift */; };
		496304632BA73A70007EDB91 /* CustomShape.swift in Sources */ = {isa = PBXBuildFile; fileRef = 496304622BA73A70007EDB91 /* CustomShape.swift */; };
		496304652BA73B82007EDB91 /* RatingsSizesDetailView.swift in Sources */ = {isa = PBXBuildFile; fileRef = 496304642BA73B82007EDB91 /* RatingsSizesDetailView.swift */; };
		496304672BA73F01007EDB91 /* QuantityFavouriteDetailView.swift in Sources */ = {isa = PBXBuildFile; fileRef = 496304662BA73F01007EDB91 /* QuantityFavouriteDetailView.swift */; };
		496304692BA7409E007EDB91 /* AddToCartDetailView.swift in Sources */ = {isa = PBXBuildFile; fileRef = 496304682BA7409E007EDB91 /* AddToCartDetailView.swift */; };
		4963046B2BA7424A007EDB91 /* Shop.swift in Sources */ = {isa = PBXBuildFile; fileRef = 4963046A2BA7424A007EDB91 /* Shop.swift */; };
/* End PBXBuildFile section */

/* Begin PBXFileReference section */
		496304142BA6C10F007EDB91 /* TouchdownSwiftUI.app */ = {isa = PBXFileReference; explicitFileType = wrapper.application; includeInIndex = 0; path = TouchdownSwiftUI.app; sourceTree = BUILT_PRODUCTS_DIR; };
		496304172BA6C10F007EDB91 /* TouchdownSwiftUIApp.swift */ = {isa = PBXFileReference; lastKnownFileType = sourcecode.swift; path = TouchdownSwiftUIApp.swift; sourceTree = "<group>"; };
		496304192BA6C10F007EDB91 /* ContentView.swift */ = {isa = PBXFileReference; lastKnownFileType = sourcecode.swift; path = ContentView.swift; sourceTree = "<group>"; };
		4963041B2BA6C112007EDB91 /* Assets.xcassets */ = {isa = PBXFileReference; lastKnownFileType = folder.assetcatalog; path = Assets.xcassets; sourceTree = "<group>"; };
		4963041E2BA6C112007EDB91 /* Preview Assets.xcassets */ = {isa = PBXFileReference; lastKnownFileType = folder.assetcatalog; path = "Preview Assets.xcassets"; sourceTree = "<group>"; };
		496304252BA6C1B0007EDB91 /* player.json */ = {isa = PBXFileReference; fileEncoding = 4; lastKnownFileType = text.json; path = player.json; sourceTree = "<group>"; };
		496304262BA6C1B0007EDB91 /* product.json */ = {isa = PBXFileReference; fileEncoding = 4; lastKnownFileType = text.json; path = product.json; sourceTree = "<group>"; };
		496304272BA6C1B0007EDB91 /* category.json */ = {isa = PBXFileReference; fileEncoding = 4; lastKnownFileType = text.json; path = category.json; sourceTree = "<group>"; };
		496304282BA6C1B0007EDB91 /* brand.json */ = {isa = PBXFileReference; fileEncoding = 4; lastKnownFileType = text.json; path = brand.json; sourceTree = "<group>"; };
		4963042E2BA6C1FC007EDB91 /* Info.plist */ = {isa = PBXFileReference; lastKnownFileType = text.plist; path = Info.plist; sourceTree = "<group>"; };
		496304362BA6E9CD007EDB91 /* Constant.swift */ = {isa = PBXFileReference; lastKnownFileType = sourcecode.swift; path = Constant.swift; sourceTree = "<group>"; };
		496304382BA6EA71007EDB91 /* FooterView.swift */ = {isa = PBXFileReference; lastKnownFileType = sourcecode.swift; path = FooterView.swift; sourceTree = "<group>"; };
		4963043A2BA6ECE4007EDB91 /* NavigationBarView.swift */ = {isa = PBXFileReference; lastKnownFileType = sourcecode.swift; path = NavigationBarView.swift; sourceTree = "<group>"; };
		4963043C2BA6EDBF007EDB91 /* LogoView.swift */ = {isa = PBXFileReference; lastKnownFileType = sourcecode.swift; path = LogoView.swift; sourceTree = "<group>"; };
		4963043E2BA6F7EA007EDB91 /* PlayerModel.swift */ = {isa = PBXFileReference; lastKnownFileType = sourcecode.swift; path = PlayerModel.swift; sourceTree = "<group>"; };
		496304402BA6F81B007EDB91 /* CodableBundleExtension.swift */ = {isa = PBXFileReference; lastKnownFileType = sourcecode.swift; path = CodableBundleExtension.swift; sourceTree = "<group>"; };
		496304422BA6F93D007EDB91 /* FeaturedItemView.swift */ = {isa = PBXFileReference; lastKnownFileType = sourcecode.swift; path = FeaturedItemView.swift; sourceTree = "<group>"; };
		496304442BA6F9B7007EDB91 /* FeaturedTabView.swift */ = {isa = PBXFileReference; lastKnownFileType = sourcecode.swift; path = FeaturedTabView.swift; sourceTree = "<group>"; };
		496304462BA70729007EDB91 /* CategoryModel.swift */ = {isa = PBXFileReference; lastKnownFileType = sourcecode.swift; path = CategoryModel.swift; sourceTree = "<group>"; };
		496304482BA707C8007EDB91 /* CategoryItemView.swift */ = {isa = PBXFileReference; lastKnownFileType = sourcecode.swift; path = CategoryItemView.swift; sourceTree = "<group>"; };
		4963044A2BA708F6007EDB91 /* CategoryGridView.swift */ = {isa = PBXFileReference; lastKnownFileType = sourcecode.swift; path = CategoryGridView.swift; sourceTree = "<group>"; };
		4963044C2BA70A86007EDB91 /* SectionView.swift */ = {isa = PBXFileReference; lastKnownFileType = sourcecode.swift; path = SectionView.swift; sourceTree = "<group>"; };
		4963044E2BA73061007EDB91 /* TitleView.swift */ = {isa = PBXFileReference; lastKnownFileType = sourcecode.swift; path = TitleView.swift; sourceTree = "<group>"; };
		496304502BA73133007EDB91 /* ProductModel.swift */ = {isa = PBXFileReference; lastKnownFileType = sourcecode.swift; path = ProductModel.swift; sourceTree = "<group>"; };
		496304522BA73194007EDB91 /* ProductItemView.swift */ = {isa = PBXFileReference; lastKnownFileType = sourcecode.swift; path = ProductItemView.swift; sourceTree = "<group>"; };
		496304542BA733F5007EDB91 /* BrandModel.swift */ = {isa = PBXFileReference; lastKnownFileType = sourcecode.swift; path = BrandModel.swift; sourceTree = "<group>"; };
		496304562BA73452007EDB91 /* BrandItemView.swift */ = {isa = PBXFileReference; lastKnownFileType = sourcecode.swift; path = BrandItemView.swift; sourceTree = "<group>"; };
		496304582BA73518007EDB91 /* BrandGridView.swift */ = {isa = PBXFileReference; lastKnownFileType = sourcecode.swift; path = BrandGridView.swift; sourceTree = "<group>"; };
		4963045A2BA73615007EDB91 /* ProductDetailView.swift */ = {isa = PBXFileReference; lastKnownFileType = sourcecode.swift; path = ProductDetailView.swift; sourceTree = "<group>"; };
		4963045C2BA736C6007EDB91 /* NavigationBarDetailView.swift */ = {isa = PBXFileReference; lastKnownFileType = sourcecode.swift; path = NavigationBarDetailView.swift; sourceTree = "<group>"; };
		4963045E2BA73773007EDB91 /* HeaderDetailView.swift */ = {isa = PBXFileReference; lastKnownFileType = sourcecode.swift; path = HeaderDetailView.swift; sourceTree = "<group>"; };
		496304602BA7383D007EDB91 /* TopPartDetailView.swift */ = {isa = PBXFileReference; lastKnownFileType = sourcecode.swift; path = TopPartDetailView.swift; sourceTree = "<group>"; };
		496304622BA73A70007EDB91 /* CustomShape.swift */ = {isa = PBXFileReference; lastKnownFileType = sourcecode.swift; path = CustomShape.swift; sourceTree = "<group>"; };
		496304642BA73B82007EDB91 /* RatingsSizesDetailView.swift */ = {isa = PBXFileReference; lastKnownFileType = sourcecode.swift; path = RatingsSizesDetailView.swift; sourceTree = "<group>"; };
		496304662BA73F01007EDB91 /* QuantityFavouriteDetailView.swift */ = {isa = PBXFileReference; lastKnownFileType = sourcecode.swift; path = QuantityFavouriteDetailView.swift; sourceTree = "<group>"; };
		496304682BA7409E007EDB91 /* AddToCartDetailView.swift */ = {isa = PBXFileReference; lastKnownFileType = sourcecode.swift; path = AddToCartDetailView.swift; sourceTree = "<group>"; };
		4963046A2BA7424A007EDB91 /* Shop.swift */ = {isa = PBXFileReference; lastKnownFileType = sourcecode.swift; path = Shop.swift; sourceTree = "<group>"; };
/* End PBXFileReference section */

/* Begin PBXFrameworksBuildPhase section */
		496304112BA6C10F007EDB91 /* Frameworks */ = {
			isa = PBXFrameworksBuildPhase;
			buildActionMask = 2147483647;
			files = (
			);
			runOnlyForDeploymentPostprocessing = 0;
		};
/* End PBXFrameworksBuildPhase section */

/* Begin PBXGroup section */
		4963040B2BA6C10F007EDB91 = {
			isa = PBXGroup;
			children = (
				496304162BA6C10F007EDB91 /* TouchdownSwiftUI */,
				496304152BA6C10F007EDB91 /* Products */,
			);
			sourceTree = "<group>";
		};
		496304152BA6C10F007EDB91 /* Products */ = {
			isa = PBXGroup;
			children = (
				496304142BA6C10F007EDB91 /* TouchdownSwiftUI.app */,
			);
			name = Products;
			sourceTree = "<group>";
		};
		496304162BA6C10F007EDB91 /* TouchdownSwiftUI */ = {
			isa = PBXGroup;
			children = (
				496304352BA6E9AE007EDB91 /* Utility */,
				496304342BA6E99E007EDB91 /* Extension */,
				496304332BA6E997007EDB91 /* Model */,
				496304302BA6E950007EDB91 /* View */,
				4963042F2BA6E942007EDB91 /* App */,
				4963042D2BA6C1C1007EDB91 /* Data */,
				4963042E2BA6C1FC007EDB91 /* Info.plist */,
				4963041B2BA6C112007EDB91 /* Assets.xcassets */,
				4963041D2BA6C112007EDB91 /* Preview Content */,
			);
			path = TouchdownSwiftUI;
			sourceTree = "<group>";
		};
		4963041D2BA6C112007EDB91 /* Preview Content */ = {
			isa = PBXGroup;
			children = (
				4963041E2BA6C112007EDB91 /* Preview Assets.xcassets */,
			);
			path = "Preview Content";
			sourceTree = "<group>";
		};
		4963042D2BA6C1C1007EDB91 /* Data */ = {
			isa = PBXGroup;
			children = (
				496304272BA6C1B0007EDB91 /* category.json */,
				496304282BA6C1B0007EDB91 /* brand.json */,
				496304252BA6C1B0007EDB91 /* player.json */,
				496304262BA6C1B0007EDB91 /* product.json */,
			);
			path = Data;
			sourceTree = "<group>";
		};
		4963042F2BA6E942007EDB91 /* App */ = {
			isa = PBXGroup;
			children = (
				496304172BA6C10F007EDB91 /* TouchdownSwiftUIApp.swift */,
				496304192BA6C10F007EDB91 /* ContentView.swift */,
				4963045A2BA73615007EDB91 /* ProductDetailView.swift */,
			);
			path = App;
			sourceTree = "<group>";
		};
		496304302BA6E950007EDB91 /* View */ = {
			isa = PBXGroup;
			children = (
				496304322BA6E973007EDB91 /* Detail */,
				496304312BA6E961007EDB91 /* Home */,
			);
			path = View;
			sourceTree = "<group>";
		};
		496304312BA6E961007EDB91 /* Home */ = {
			isa = PBXGroup;
			children = (
				496304382BA6EA71007EDB91 /* FooterView.swift */,
				4963043A2BA6ECE4007EDB91 /* NavigationBarView.swift */,
				4963043C2BA6EDBF007EDB91 /* LogoView.swift */,
				496304422BA6F93D007EDB91 /* FeaturedItemView.swift */,
				496304442BA6F9B7007EDB91 /* FeaturedTabView.swift */,
				496304482BA707C8007EDB91 /* CategoryItemView.swift */,
				4963044A2BA708F6007EDB91 /* CategoryGridView.swift */,
				4963044C2BA70A86007EDB91 /* SectionView.swift */,
				4963044E2BA73061007EDB91 /* TitleView.swift */,
				496304522BA73194007EDB91 /* ProductItemView.swift */,
				496304562BA73452007EDB91 /* BrandItemView.swift */,
				496304582BA73518007EDB91 /* BrandGridView.swift */,
			);
			path = Home;
			sourceTree = "<group>";
		};
		496304322BA6E973007EDB91 /* Detail */ = {
			isa = PBXGroup;
			children = (
				4963045C2BA736C6007EDB91 /* NavigationBarDetailView.swift */,
				4963045E2BA73773007EDB91 /* HeaderDetailView.swift */,
				496304602BA7383D007EDB91 /* TopPartDetailView.swift */,
				496304642BA73B82007EDB91 /* RatingsSizesDetailView.swift */,
				496304662BA73F01007EDB91 /* QuantityFavouriteDetailView.swift */,
				496304682BA7409E007EDB91 /* AddToCartDetailView.swift */,
			);
			path = Detail;
			sourceTree = "<group>";
		};
		496304332BA6E997007EDB91 /* Model */ = {
			isa = PBXGroup;
			children = (
				4963043E2BA6F7EA007EDB91 /* PlayerModel.swift */,
				496304462BA70729007EDB91 /* CategoryModel.swift */,
				496304502BA73133007EDB91 /* ProductModel.swift */,
				496304542BA733F5007EDB91 /* BrandModel.swift */,
			);
			path = Model;
			sourceTree = "<group>";
		};
		496304342BA6E99E007EDB91 /* Extension */ = {
			isa = PBXGroup;
			children = (
				496304402BA6F81B007EDB91 /* CodableBundleExtension.swift */,
			);
			path = Extension;
			sourceTree = "<group>";
		};
		496304352BA6E9AE007EDB91 /* Utility */ = {
			isa = PBXGroup;
			children = (
				496304362BA6E9CD007EDB91 /* Constant.swift */,
				496304622BA73A70007EDB91 /* CustomShape.swift */,
				4963046A2BA7424A007EDB91 /* Shop.swift */,
			);
			path = Utility;
			sourceTree = "<group>";
		};
/* End PBXGroup section */

/* Begin PBXNativeTarget section */
		496304132BA6C10F007EDB91 /* TouchdownSwiftUI */ = {
			isa = PBXNativeTarget;
			buildConfigurationList = 496304222BA6C112007EDB91 /* Build configuration list for PBXNativeTarget "TouchdownSwiftUI" */;
			buildPhases = (
				496304102BA6C10F007EDB91 /* Sources */,
				496304112BA6C10F007EDB91 /* Frameworks */,
				496304122BA6C10F007EDB91 /* Resources */,
			);
			buildRules = (
			);
			dependencies = (
			);
			name = TouchdownSwiftUI;
			productName = TouchdownSwiftUI;
			productReference = 496304142BA6C10F007EDB91 /* TouchdownSwiftUI.app */;
			productType = "com.apple.product-type.application";
		};
/* End PBXNativeTarget section */

/* Begin PBXProject section */
		4963040C2BA6C10F007EDB91 /* Project object */ = {
			isa = PBXProject;
			attributes = {
				BuildIndependentTargetsInParallel = 1;
				LastSwiftUpdateCheck = 1530;
				LastUpgradeCheck = 1530;
				TargetAttributes = {
					496304132BA6C10F007EDB91 = {
						CreatedOnToolsVersion = 15.3;
					};
				};
			};
			buildConfigurationList = 4963040F2BA6C10F007EDB91 /* Build configuration list for PBXProject "TouchdownSwiftUI" */;
			compatibilityVersion = "Xcode 14.0";
			developmentRegion = en;
			hasScannedForEncodings = 0;
			knownRegions = (
				en,
				Base,
			);
			mainGroup = 4963040B2BA6C10F007EDB91;
			productRefGroup = 496304152BA6C10F007EDB91 /* Products */;
			projectDirPath = "";
			projectRoot = "";
			targets = (
				496304132BA6C10F007EDB91 /* TouchdownSwiftUI */,
			);
		};
/* End PBXProject section */

/* Begin PBXResourcesBuildPhase section */
		496304122BA6C10F007EDB91 /* Resources */ = {
			isa = PBXResourcesBuildPhase;
			buildActionMask = 2147483647;
			files = (
				496304292BA6C1B0007EDB91 /* player.json in Resources */,
				4963042A2BA6C1B0007EDB91 /* product.json in Resources */,
				4963042B2BA6C1B0007EDB91 /* category.json in Resources */,
				4963041F2BA6C112007EDB91 /* Preview Assets.xcassets in Resources */,
				4963041C2BA6C112007EDB91 /* Assets.xcassets in Resources */,
				4963042C2BA6C1B0007EDB91 /* brand.json in Resources */,
			);
			runOnlyForDeploymentPostprocessing = 0;
		};
/* End PBXResourcesBuildPhase section */

/* Begin PBXSourcesBuildPhase section */
		496304102BA6C10F007EDB91 /* Sources */ = {
			isa = PBXSourcesBuildPhase;
			buildActionMask = 2147483647;
			files = (
				496304412BA6F81B007EDB91 /* CodableBundleExtension.swift in Sources */,
				4963045F2BA73773007EDB91 /* HeaderDetailView.swift in Sources */,
				496304612BA7383D007EDB91 /* TopPartDetailView.swift in Sources */,
				496304492BA707C8007EDB91 /* CategoryItemView.swift in Sources */,
				4963041A2BA6C10F007EDB91 /* ContentView.swift in Sources */,
				4963043D2BA6EDBF007EDB91 /* LogoView.swift in Sources */,
				496304392BA6EA71007EDB91 /* FooterView.swift in Sources */,
				496304532BA73194007EDB91 /* ProductItemView.swift in Sources */,
				496304692BA7409E007EDB91 /* AddToCartDetailView.swift in Sources */,
				496304592BA73518007EDB91 /* BrandGridView.swift in Sources */,
				496304652BA73B82007EDB91 /* RatingsSizesDetailView.swift in Sources */,
				496304432BA6F93D007EDB91 /* FeaturedItemView.swift in Sources */,
				4963045B2BA73615007EDB91 /* ProductDetailView.swift in Sources */,
				4963045D2BA736C6007EDB91 /* NavigationBarDetailView.swift in Sources */,
				496304182BA6C10F007EDB91 /* TouchdownSwiftUIApp.swift in Sources */,
				4963044B2BA708F6007EDB91 /* CategoryGridView.swift in Sources */,
				496304372BA6E9CD007EDB91 /* Constant.swift in Sources */,
				496304472BA70729007EDB91 /* CategoryModel.swift in Sources */,
				4963044D2BA70A86007EDB91 /* SectionView.swift in Sources */,
				496304572BA73452007EDB91 /* BrandItemView.swift in Sources */,
				4963043B2BA6ECE4007EDB91 /* NavigationBarView.swift in Sources */,
				496304452BA6F9B7007EDB91 /* FeaturedTabView.swift in Sources */,
				496304632BA73A70007EDB91 /* CustomShape.swift in Sources */,
				4963043F2BA6F7EA007EDB91 /* PlayerModel.swift in Sources */,
				4963046B2BA7424A007EDB91 /* Shop.swift in Sources */,
				496304672BA73F01007EDB91 /* QuantityFavouriteDetailView.swift in Sources */,
				496304552BA733F5007EDB91 /* BrandModel.swift in Sources */,
				4963044F2BA73061007EDB91 /* TitleView.swift in Sources */,
				496304512BA73133007EDB91 /* ProductModel.swift in Sources */,
			);
			runOnlyForDeploymentPostprocessing = 0;
		};
/* End PBXSourcesBuildPhase section */

/* Begin XCBuildConfiguration section */
		496304202BA6C112007EDB91 /* Debug */ = {
			isa = XCBuildConfiguration;
			buildSettings = {
				ALWAYS_SEARCH_USER_PATHS = NO;
				ASSETCATALOG_COMPILER_GENERATE_SWIFT_ASSET_SYMBOL_EXTENSIONS = YES;
				CLANG_ANALYZER_NONNULL = YES;
				CLANG_ANALYZER_NUMBER_OBJECT_CONVERSION = YES_AGGRESSIVE;
				CLANG_CXX_LANGUAGE_STANDARD = "gnu++20";
				CLANG_ENABLE_MODULES = YES;
				CLANG_ENABLE_OBJC_ARC = YES;
				CLANG_ENABLE_OBJC_WEAK = YES;
				CLANG_WARN_BLOCK_CAPTURE_AUTORELEASING = YES;
				CLANG_WARN_BOOL_CONVERSION = YES;
				CLANG_WARN_COMMA = YES;
				CLANG_WARN_CONSTANT_CONVERSION = YES;
				CLANG_WARN_DEPRECATED_OBJC_IMPLEMENTATIONS = YES;
				CLANG_WARN_DIRECT_OBJC_ISA_USAGE = YES_ERROR;
				CLANG_WARN_DOCUMENTATION_COMMENTS = YES;
				CLANG_WARN_EMPTY_BODY = YES;
				CLANG_WARN_ENUM_CONVERSION = YES;
				CLANG_WARN_INFINITE_RECURSION = YES;
				CLANG_WARN_INT_CONVERSION = YES;
				CLANG_WARN_NON_LITERAL_NULL_CONVERSION = YES;
				CLANG_WARN_OBJC_IMPLICIT_RETAIN_SELF = YES;
				CLANG_WARN_OBJC_LITERAL_CONVERSION = YES;
				CLANG_WARN_OBJC_ROOT_CLASS = YES_ERROR;
				CLANG_WARN_QUOTED_INCLUDE_IN_FRAMEWORK_HEADER = YES;
				CLANG_WARN_RANGE_LOOP_ANALYSIS = YES;
				CLANG_WARN_STRICT_PROTOTYPES = YES;
				CLANG_WARN_SUSPICIOUS_MOVE = YES;
				CLANG_WARN_UNGUARDED_AVAILABILITY = YES_AGGRESSIVE;
				CLANG_WARN_UNREACHABLE_CODE = YES;
				CLANG_WARN__DUPLICATE_METHOD_MATCH = YES;
				COPY_PHASE_STRIP = NO;
				DEBUG_INFORMATION_FORMAT = dwarf;
				ENABLE_STRICT_OBJC_MSGSEND = YES;
				ENABLE_TESTABILITY = YES;
				ENABLE_USER_SCRIPT_SANDBOXING = YES;
				GCC_C_LANGUAGE_STANDARD = gnu17;
				GCC_DYNAMIC_NO_PIC = NO;
				GCC_NO_COMMON_BLOCKS = YES;
				GCC_OPTIMIZATION_LEVEL = 0;
				GCC_PREPROCESSOR_DEFINITIONS = (
					"DEBUG=1",
					"$(inherited)",
				);
				GCC_WARN_64_TO_32_BIT_CONVERSION = YES;
				GCC_WARN_ABOUT_RETURN_TYPE = YES_ERROR;
				GCC_WARN_UNDECLARED_SELECTOR = YES;
				GCC_WARN_UNINITIALIZED_AUTOS = YES_AGGRESSIVE;
				GCC_WARN_UNUSED_FUNCTION = YES;
				GCC_WARN_UNUSED_VARIABLE = YES;
				IPHONEOS_DEPLOYMENT_TARGET = 17.4;
				LOCALIZATION_PREFERS_STRING_CATALOGS = YES;
				MTL_ENABLE_DEBUG_INFO = INCLUDE_SOURCE;
				MTL_FAST_MATH = YES;
				ONLY_ACTIVE_ARCH = YES;
				SDKROOT = iphoneos;
				SWIFT_ACTIVE_COMPILATION_CONDITIONS = "DEBUG $(inherited)";
				SWIFT_OPTIMIZATION_LEVEL = "-Onone";
			};
			name = Debug;
		};
		496304212BA6C112007EDB91 /* Release */ = {
			isa = XCBuildConfiguration;
			buildSettings = {
				ALWAYS_SEARCH_USER_PATHS = NO;
				ASSETCATALOG_COMPILER_GENERATE_SWIFT_ASSET_SYMBOL_EXTENSIONS = YES;
				CLANG_ANALYZER_NONNULL = YES;
				CLANG_ANALYZER_NUMBER_OBJECT_CONVERSION = YES_AGGRESSIVE;
				CLANG_CXX_LANGUAGE_STANDARD = "gnu++20";
				CLANG_ENABLE_MODULES = YES;
				CLANG_ENABLE_OBJC_ARC = YES;
				CLANG_ENABLE_OBJC_WEAK = YES;
				CLANG_WARN_BLOCK_CAPTURE_AUTORELEASING = YES;
				CLANG_WARN_BOOL_CONVERSION = YES;
				CLANG_WARN_COMMA = YES;
				CLANG_WARN_CONSTANT_CONVERSION = YES;
				CLANG_WARN_DEPRECATED_OBJC_IMPLEMENTATIONS = YES;
				CLANG_WARN_DIRECT_OBJC_ISA_USAGE = YES_ERROR;
				CLANG_WARN_DOCUMENTATION_COMMENTS = YES;
				CLANG_WARN_EMPTY_BODY = YES;
				CLANG_WARN_ENUM_CONVERSION = YES;
				CLANG_WARN_INFINITE_RECURSION = YES;
				CLANG_WARN_INT_CONVERSION = YES;
				CLANG_WARN_NON_LITERAL_NULL_CONVERSION = YES;
				CLANG_WARN_OBJC_IMPLICIT_RETAIN_SELF = YES;
				CLANG_WARN_OBJC_LITERAL_CONVERSION = YES;
				CLANG_WARN_OBJC_ROOT_CLASS = YES_ERROR;
				CLANG_WARN_QUOTED_INCLUDE_IN_FRAMEWORK_HEADER = YES;
				CLANG_WARN_RANGE_LOOP_ANALYSIS = YES;
				CLANG_WARN_STRICT_PROTOTYPES = YES;
				CLANG_WARN_SUSPICIOUS_MOVE = YES;
				CLANG_WARN_UNGUARDED_AVAILABILITY = YES_AGGRESSIVE;
				CLANG_WARN_UNREACHABLE_CODE = YES;
				CLANG_WARN__DUPLICATE_METHOD_MATCH = YES;
				COPY_PHASE_STRIP = NO;
				DEBUG_INFORMATION_FORMAT = "dwarf-with-dsym";
				ENABLE_NS_ASSERTIONS = NO;
				ENABLE_STRICT_OBJC_MSGSEND = YES;
				ENABLE_USER_SCRIPT_SANDBOXING = YES;
				GCC_C_LANGUAGE_STANDARD = gnu17;
				GCC_NO_COMMON_BLOCKS = YES;
				GCC_WARN_64_TO_32_BIT_CONVERSION = YES;
				GCC_WARN_ABOUT_RETURN_TYPE = YES_ERROR;
				GCC_WARN_UNDECLARED_SELECTOR = YES;
				GCC_WARN_UNINITIALIZED_AUTOS = YES_AGGRESSIVE;
				GCC_WARN_UNUSED_FUNCTION = YES;
				GCC_WARN_UNUSED_VARIABLE = YES;
				IPHONEOS_DEPLOYMENT_TARGET = 17.4;
				LOCALIZATION_PREFERS_STRING_CATALOGS = YES;
				MTL_ENABLE_DEBUG_INFO = NO;
				MTL_FAST_MATH = YES;
				SDKROOT = iphoneos;
				SWIFT_COMPILATION_MODE = wholemodule;
				VALIDATE_PRODUCT = YES;
			};
			name = Release;
		};
		496304232BA6C112007EDB91 /* Debug */ = {
			isa = XCBuildConfiguration;
			buildSettings = {
				ASSETCATALOG_COMPILER_APPICON_NAME = AppIcon;
				ASSETCATALOG_COMPILER_GLOBAL_ACCENT_COLOR_NAME = AccentColor;
				CODE_SIGN_STYLE = Automatic;
				CURRENT_PROJECT_VERSION = 1;
				DEVELOPMENT_ASSET_PATHS = "\"TouchdownSwiftUI/Preview Content\"";
				DEVELOPMENT_TEAM = 8X338Z9W2W;
				ENABLE_PREVIEWS = YES;
				GENERATE_INFOPLIST_FILE = YES;
				INFOPLIST_FILE = TouchdownSwiftUI/Info.plist;
				INFOPLIST_KEY_UIApplicationSceneManifest_Generation = YES;
				INFOPLIST_KEY_UIApplicationSupportsIndirectInputEvents = YES;
				INFOPLIST_KEY_UISupportedInterfaceOrientations = UIInterfaceOrientationPortrait;
				INFOPLIST_KEY_UIUserInterfaceStyle = Light;
				LD_RUNPATH_SEARCH_PATHS = (
					"$(inherited)",
					"@executable_path/Frameworks",
				);
				MARKETING_VERSION = 1.0;
				PRODUCT_BUNDLE_IDENTIFIER = com.khavi.TouchdownSwiftUI;
				PRODUCT_NAME = "$(TARGET_NAME)";
				SWIFT_EMIT_LOC_STRINGS = YES;
				SWIFT_VERSION = 5.0;
				TARGETED_DEVICE_FAMILY = "1,2";
			};
			name = Debug;
		};
		496304242BA6C112007EDB91 /* Release */ = {
			isa = XCBuildConfiguration;
			buildSettings = {
				ASSETCATALOG_COMPILER_APPICON_NAME = AppIcon;
				ASSETCATALOG_COMPILER_GLOBAL_ACCENT_COLOR_NAME = AccentColor;
				CODE_SIGN_STYLE = Automatic;
				CURRENT_PROJECT_VERSION = 1;
				DEVELOPMENT_ASSET_PATHS = "\"TouchdownSwiftUI/Preview Content\"";
				DEVELOPMENT_TEAM = 8X338Z9W2W;
				ENABLE_PREVIEWS = YES;
				GENERATE_INFOPLIST_FILE = YES;
				INFOPLIST_FILE = TouchdownSwiftUI/Info.plist;
				INFOPLIST_KEY_UIApplicationSceneManifest_Generation = YES;
				INFOPLIST_KEY_UIApplicationSupportsIndirectInputEvents = YES;
				INFOPLIST_KEY_UISupportedInterfaceOrientations = UIInterfaceOrientationPortrait;
				INFOPLIST_KEY_UIUserInterfaceStyle = Light;
				LD_RUNPATH_SEARCH_PATHS = (
					"$(inherited)",
					"@executable_path/Frameworks",
				);
				MARKETING_VERSION = 1.0;
				PRODUCT_BUNDLE_IDENTIFIER = com.khavi.TouchdownSwiftUI;
				PRODUCT_NAME = "$(TARGET_NAME)";
				SWIFT_EMIT_LOC_STRINGS = YES;
				SWIFT_VERSION = 5.0;
				TARGETED_DEVICE_FAMILY = "1,2";
			};
			name = Release;
		};
/* End XCBuildConfiguration section */

/* Begin XCConfigurationList section */
		4963040F2BA6C10F007EDB91 /* Build configuration list for PBXProject "TouchdownSwiftUI" */ = {
			isa = XCConfigurationList;
			buildConfigurations = (
				496304202BA6C112007EDB91 /* Debug */,
				496304212BA6C112007EDB91 /* Release */,
			);
			defaultConfigurationIsVisible = 0;
			defaultConfigurationName = Release;
		};
		496304222BA6C112007EDB91 /* Build configuration list for PBXNativeTarget "TouchdownSwiftUI" */ = {
			isa = XCConfigurationList;
			buildConfigurations = (
				496304232BA6C112007EDB91 /* Debug */,
				496304242BA6C112007EDB91 /* Release */,
			);
			defaultConfigurationIsVisible = 0;
			defaultConfigurationName = Release;
		};
/* End XCConfigurationList section */
	};
	rootObject = 4963040C2BA6C10F007EDB91 /* Project object */;
}
